
Microsoft Visual Studio Solution File, Format Version 12.00
# Visual Studio 15
VisualStudioVersion = 15.0.27130.2027
MinimumVisualStudioVersion = 10.0.40219.1
Project("{2150E333-8FDC-42A3-9474-1A3956D46DE8}") = "Configuration", "Configuration", "{38E46594-2B99-43FF-9E92-9A11B45168D8}"
	ProjectSection(SolutionItems) = preProject
		.gitattributes = .gitattributes
		.gitignore = .gitignore
		gulp-config.js = gulp-config.js
		gulpfile.js = gulpfile.js
		TdsGlobal.config = TdsGlobal.config
	EndProjectSection
EndProject
Project("{2150E333-8FDC-42A3-9474-1A3956D46DE8}") = "Project", "Project", "{EC07E32B-7A0D-4C4D-941D-43DAC3AE2601}"
EndProject
Project("{2150E333-8FDC-42A3-9474-1A3956D46DE8}") = "Foundation", "Foundation", "{1B6FFBEA-35BD-4381-A2BE-4FA54E3940E1}"
EndProject
Project("{2150E333-8FDC-42A3-9474-1A3956D46DE8}") = "Feature", "Feature", "{05829E0F-331A-44AF-BEB8-3AD54EE35694}"
EndProject
Project("{FAE04EC0-301F-11D3-BF4B-00C04F79EFBC}") = "Sitecore.Habitat.Commerce.Website", "src\Project\Habitat.Commerce.Website\code\Sitecore.Habitat.Commerce.Website.csproj", "{B3375668-929C-496B-99BA-DD011B7C6FD2}"
EndProject
Project("{2150E333-8FDC-42A3-9474-1A3956D46DE8}") = "Rules", "Rules", "{D446ABE2-B64E-43B2-A270-A209C3CA54B1}"
EndProject
Project("{FAE04EC0-301F-11D3-BF4B-00C04F79EFBC}") = "Sitecore.Foundation.Rules", "src\Foundation\Rules\code\Sitecore.Foundation.Rules.csproj", "{04432910-3448-4B99-8063-6C25639CB61F}"
EndProject
Project("{FAE04EC0-301F-11D3-BF4B-00C04F79EFBC}") = "Sitecore.Feature.NearestStore", "src\Feature\NearestStore\code\Sitecore.Feature.NearestStore.csproj", "{16EEDF9E-8112-4055-BAEF-EC001E3BDF3A}"
EndProject
Project("{2150E333-8FDC-42A3-9474-1A3956D46DE8}") = "Catalog", "Catalog", "{C603A77C-CA79-4B27-8DB1-78C80003DE02}"
EndProject
Project("{FAE04EC0-301F-11D3-BF4B-00C04F79EFBC}") = "Sitecore.Feature.Catalog", "src\Feature\Catalog\code\Sitecore.Feature.Catalog.csproj", "{6C0B3988-35D2-4A2F-8DA8-C48C19537C12}"
EndProject
Project("{2150E333-8FDC-42A3-9474-1A3956D46DE8}") = "Store", "Store", "{9F381F10-3F30-4490-A55D-5806EC94F6C4}"
EndProject
Project("{2150E333-8FDC-42A3-9474-1A3956D46DE8}") = "OrderUpload", "OrderUpload", "{F1E5D499-5383-4737-AB40-EBA0A7C388CE}"
EndProject
Project("{FAE04EC0-301F-11D3-BF4B-00C04F79EFBC}") = "Sitecore.Feature.UploadOrder", "src\Feature\OrderUpload\code\Sitecore.Feature.UploadOrder.csproj", "{2FC27868-C662-45DE-8BB7-86E2227CF472}"
EndProject
Project("{2150E333-8FDC-42A3-9474-1A3956D46DE8}") = "GiftCardBalance", "GiftCardBalance", "{C486145B-9B0E-4C13-8C0F-FC79D41187D3}"
EndProject
Project("{FAE04EC0-301F-11D3-BF4B-00C04F79EFBC}") = "Sitecore.Feature.GiftCardBalance", "src\Feature\GiftCardBalance\code\Sitecore.Feature.GiftCardBalance.csproj", "{DC1D5779-DA56-44AB-9268-5D07FC8C873E}"
EndProject
Project("{FAE04EC0-301F-11D3-BF4B-00C04F79EFBC}") = "Sitecore.Feature.Cart", "src\Feature\Cart\code\Sitecore.Feature.Cart.csproj", "{0186995D-FE5F-4386-B440-D23BC76E5E20}"
EndProject
Project("{FAE04EC0-301F-11D3-BF4B-00C04F79EFBC}") = "Sitecore.Feature.OrderHistory", "src\Feature\OrderHistory\code\Sitecore.Feature.OrderHistory.csproj", "{42CF6E0E-BFD5-4207-BD7F-EC5C22701590}"
EndProject
Project("{2150E333-8FDC-42A3-9474-1A3956D46DE8}") = "OrderHistory", "OrderHistory", "{0DD5F39F-1C2E-4847-A154-922EB372B2CA}"
EndProject
Project("{2150E333-8FDC-42A3-9474-1A3956D46DE8}") = "OrderLines", "OrderLines", "{1C5F4C22-4B92-4704-BA94-0AF7D1BA1FCD}"
EndProject
Project("{FAE04EC0-301F-11D3-BF4B-00C04F79EFBC}") = "Sitecore.Feature.OrderLines", "src\Feature\OrderLines\code\Sitecore.Feature.OrderLines.csproj", "{40962D41-BE59-4E31-89DF-6827FCA54A8E}"
EndProject
Project("{2150E333-8FDC-42A3-9474-1A3956D46DE8}") = "Cart", "Cart", "{DBA504F4-E4AE-4EFC-BB45-DA3F61ABA50A}"
EndProject
Project("{2150E333-8FDC-42A3-9474-1A3956D46DE8}") = "WishList", "WishList", "{1DE1FCFF-15B0-4D05-B072-02F94554F30A}"
EndProject
Project("{FAE04EC0-301F-11D3-BF4B-00C04F79EFBC}") = "Sitecore.Feature.WishLists", "src\Feature\WishLists\code\Sitecore.Feature.WishLists.csproj", "{93F58317-41FE-4CF4-B56F-B4BEF2DB2FE2}"
EndProject
Project("{2150E333-8FDC-42A3-9474-1A3956D46DE8}") = "WishLists", "WishLists", "{73839A16-68E5-4FF5-B6F2-E4A084D105F7}"
EndProject
Project("{FAE04EC0-301F-11D3-BF4B-00C04F79EFBC}") = "Sitecore.Foundation.Commerce.WishLists", "src\Foundation\WishLists\code\Sitecore.Foundation.Commerce.WishLists.csproj", "{69B1F75B-7AF9-4803-ABDE-8F62A7137DF4}"
EndProject
Project("{2150E333-8FDC-42A3-9474-1A3956D46DE8}") = "WishListLines", "WishListLines", "{F13367E2-951C-45EE-8F6A-37216365B1C4}"
EndProject
Project("{FAE04EC0-301F-11D3-BF4B-00C04F79EFBC}") = "Sitecore.Feature.WishListLines", "src\Feature\WishListLines\code\Sitecore.Feature.WishListLines.csproj", "{3EFA7D2E-458D-4E7D-A640-62754C06A66B}"
EndProject
Project("{2150E333-8FDC-42A3-9474-1A3956D46DE8}") = "InventoryUpload", "InventoryUpload", "{FF07FD8F-AED9-428E-937C-0DADEDB4825C}"
EndProject
Project("{FAE04EC0-301F-11D3-BF4B-00C04F79EFBC}") = "Sitecore.Feature.InventoryUpload", "src\Feature\InventoryUpload\code\Sitecore.Feature.InventoryUpload.csproj", "{EFCB36D2-F7E3-4B84-809B-EDC3C4595FE1}"
EndProject
Project("{2150E333-8FDC-42A3-9474-1A3956D46DE8}") = "ShoppingCartLines", "ShoppingCartLines", "{A75DF3E0-38AD-4297-90B6-120B2879F2B4}"
EndProject
Project("{FAE04EC0-301F-11D3-BF4B-00C04F79EFBC}") = "Sitecore.Feature.ShoppingCartLines", "src\Feature\ShoppingCartLines\code\Sitecore.Feature.ShoppingCartLines.csproj", "{5364E572-BD04-4B3D-9FA9-03B05073F5AC}"
EndProject
Project("{2150E333-8FDC-42A3-9474-1A3956D46DE8}") = "StoreLocator", "StoreLocator", "{4B9D5E04-114C-46C7-A513-9D1E0D6E93C4}"
EndProject
Project("{FAE04EC0-301F-11D3-BF4B-00C04F79EFBC}") = "Sitecore.Foundation.Commerce.StoreLocator", "src\Foundation\StoreLocator\code\Sitecore.Foundation.Commerce.StoreLocator.csproj", "{1B20D2C1-D19C-4A1E-AB0C-3164B231BBB4}"
EndProject
Global
	GlobalSection(SolutionConfigurationPlatforms) = preSolution
		Debug|Any CPU = Debug|Any CPU
		Release|Any CPU = Release|Any CPU
	EndGlobalSection
	GlobalSection(ProjectConfigurationPlatforms) = postSolution
		{B3375668-929C-496B-99BA-DD011B7C6FD2}.Debug|Any CPU.ActiveCfg = Debug|Any CPU
		{B3375668-929C-496B-99BA-DD011B7C6FD2}.Debug|Any CPU.Build.0 = Debug|Any CPU
		{B3375668-929C-496B-99BA-DD011B7C6FD2}.Release|Any CPU.ActiveCfg = Release|Any CPU
		{B3375668-929C-496B-99BA-DD011B7C6FD2}.Release|Any CPU.Build.0 = Release|Any CPU
		{04432910-3448-4B99-8063-6C25639CB61F}.Debug|Any CPU.ActiveCfg = Debug|Any CPU
		{04432910-3448-4B99-8063-6C25639CB61F}.Debug|Any CPU.Build.0 = Debug|Any CPU
		{04432910-3448-4B99-8063-6C25639CB61F}.Release|Any CPU.ActiveCfg = Release|Any CPU
		{04432910-3448-4B99-8063-6C25639CB61F}.Release|Any CPU.Build.0 = Release|Any CPU
		{16EEDF9E-8112-4055-BAEF-EC001E3BDF3A}.Debug|Any CPU.ActiveCfg = Debug|Any CPU
		{16EEDF9E-8112-4055-BAEF-EC001E3BDF3A}.Debug|Any CPU.Build.0 = Debug|Any CPU
		{16EEDF9E-8112-4055-BAEF-EC001E3BDF3A}.Release|Any CPU.ActiveCfg = Release|Any CPU
		{16EEDF9E-8112-4055-BAEF-EC001E3BDF3A}.Release|Any CPU.Build.0 = Release|Any CPU
		{6C0B3988-35D2-4A2F-8DA8-C48C19537C12}.Debug|Any CPU.ActiveCfg = Debug|Any CPU
		{6C0B3988-35D2-4A2F-8DA8-C48C19537C12}.Debug|Any CPU.Build.0 = Debug|Any CPU
		{6C0B3988-35D2-4A2F-8DA8-C48C19537C12}.Release|Any CPU.ActiveCfg = Release|Any CPU
		{6C0B3988-35D2-4A2F-8DA8-C48C19537C12}.Release|Any CPU.Build.0 = Release|Any CPU
		{2FC27868-C662-45DE-8BB7-86E2227CF472}.Debug|Any CPU.ActiveCfg = Debug|Any CPU
		{2FC27868-C662-45DE-8BB7-86E2227CF472}.Debug|Any CPU.Build.0 = Debug|Any CPU
		{2FC27868-C662-45DE-8BB7-86E2227CF472}.Release|Any CPU.ActiveCfg = Release|Any CPU
		{2FC27868-C662-45DE-8BB7-86E2227CF472}.Release|Any CPU.Build.0 = Release|Any CPU
		{DC1D5779-DA56-44AB-9268-5D07FC8C873E}.Debug|Any CPU.ActiveCfg = Debug|Any CPU
		{DC1D5779-DA56-44AB-9268-5D07FC8C873E}.Debug|Any CPU.Build.0 = Debug|Any CPU
		{DC1D5779-DA56-44AB-9268-5D07FC8C873E}.Release|Any CPU.ActiveCfg = Release|Any CPU
		{DC1D5779-DA56-44AB-9268-5D07FC8C873E}.Release|Any CPU.Build.0 = Release|Any CPU
		{0186995D-FE5F-4386-B440-D23BC76E5E20}.Debug|Any CPU.ActiveCfg = Debug|Any CPU
		{0186995D-FE5F-4386-B440-D23BC76E5E20}.Debug|Any CPU.Build.0 = Debug|Any CPU
		{0186995D-FE5F-4386-B440-D23BC76E5E20}.Release|Any CPU.ActiveCfg = Release|Any CPU
		{0186995D-FE5F-4386-B440-D23BC76E5E20}.Release|Any CPU.Build.0 = Release|Any CPU
		{42CF6E0E-BFD5-4207-BD7F-EC5C22701590}.Debug|Any CPU.ActiveCfg = Debug|Any CPU
		{42CF6E0E-BFD5-4207-BD7F-EC5C22701590}.Debug|Any CPU.Build.0 = Debug|Any CPU
		{42CF6E0E-BFD5-4207-BD7F-EC5C22701590}.Release|Any CPU.ActiveCfg = Release|Any CPU
		{42CF6E0E-BFD5-4207-BD7F-EC5C22701590}.Release|Any CPU.Build.0 = Release|Any CPU
		{40962D41-BE59-4E31-89DF-6827FCA54A8E}.Debug|Any CPU.ActiveCfg = Debug|Any CPU
		{40962D41-BE59-4E31-89DF-6827FCA54A8E}.Debug|Any CPU.Build.0 = Debug|Any CPU
		{40962D41-BE59-4E31-89DF-6827FCA54A8E}.Release|Any CPU.ActiveCfg = Release|Any CPU
		{40962D41-BE59-4E31-89DF-6827FCA54A8E}.Release|Any CPU.Build.0 = Release|Any CPU
		{93F58317-41FE-4CF4-B56F-B4BEF2DB2FE2}.Debug|Any CPU.ActiveCfg = Debug|Any CPU
		{93F58317-41FE-4CF4-B56F-B4BEF2DB2FE2}.Debug|Any CPU.Build.0 = Debug|Any CPU
		{93F58317-41FE-4CF4-B56F-B4BEF2DB2FE2}.Release|Any CPU.ActiveCfg = Release|Any CPU
		{93F58317-41FE-4CF4-B56F-B4BEF2DB2FE2}.Release|Any CPU.Build.0 = Release|Any CPU
		{69B1F75B-7AF9-4803-ABDE-8F62A7137DF4}.Debug|Any CPU.ActiveCfg = Debug|Any CPU
		{69B1F75B-7AF9-4803-ABDE-8F62A7137DF4}.Debug|Any CPU.Build.0 = Debug|Any CPU
		{69B1F75B-7AF9-4803-ABDE-8F62A7137DF4}.Release|Any CPU.ActiveCfg = Release|Any CPU
		{69B1F75B-7AF9-4803-ABDE-8F62A7137DF4}.Release|Any CPU.Build.0 = Release|Any CPU
		{3EFA7D2E-458D-4E7D-A640-62754C06A66B}.Debug|Any CPU.ActiveCfg = Debug|Any CPU
		{3EFA7D2E-458D-4E7D-A640-62754C06A66B}.Debug|Any CPU.Build.0 = Debug|Any CPU
		{3EFA7D2E-458D-4E7D-A640-62754C06A66B}.Release|Any CPU.ActiveCfg = Release|Any CPU
		{3EFA7D2E-458D-4E7D-A640-62754C06A66B}.Release|Any CPU.Build.0 = Release|Any CPU
		{EFCB36D2-F7E3-4B84-809B-EDC3C4595FE1}.Debug|Any CPU.ActiveCfg = Debug|Any CPU
		{EFCB36D2-F7E3-4B84-809B-EDC3C4595FE1}.Debug|Any CPU.Build.0 = Debug|Any CPU
		{EFCB36D2-F7E3-4B84-809B-EDC3C4595FE1}.Release|Any CPU.ActiveCfg = Release|Any CPU
		{EFCB36D2-F7E3-4B84-809B-EDC3C4595FE1}.Release|Any CPU.Build.0 = Release|Any CPU
		{5364E572-BD04-4B3D-9FA9-03B05073F5AC}.Debug|Any CPU.ActiveCfg = Debug|Any CPU
		{5364E572-BD04-4B3D-9FA9-03B05073F5AC}.Debug|Any CPU.Build.0 = Debug|Any CPU
		{5364E572-BD04-4B3D-9FA9-03B05073F5AC}.Release|Any CPU.ActiveCfg = Release|Any CPU
		{5364E572-BD04-4B3D-9FA9-03B05073F5AC}.Release|Any CPU.Build.0 = Release|Any CPU
		{1B20D2C1-D19C-4A1E-AB0C-3164B231BBB4}.Debug|Any CPU.ActiveCfg = Debug|Any CPU
		{1B20D2C1-D19C-4A1E-AB0C-3164B231BBB4}.Debug|Any CPU.Build.0 = Debug|Any CPU
		{1B20D2C1-D19C-4A1E-AB0C-3164B231BBB4}.Release|Any CPU.ActiveCfg = Release|Any CPU
		{1B20D2C1-D19C-4A1E-AB0C-3164B231BBB4}.Release|Any CPU.Build.0 = Release|Any CPU
	EndGlobalSection
	GlobalSection(SolutionProperties) = preSolution
		HideSolutionNode = FALSE
	EndGlobalSection
	GlobalSection(NestedProjects) = preSolution
		{B3375668-929C-496B-99BA-DD011B7C6FD2} = {EC07E32B-7A0D-4C4D-941D-43DAC3AE2601}
		{D446ABE2-B64E-43B2-A270-A209C3CA54B1} = {1B6FFBEA-35BD-4381-A2BE-4FA54E3940E1}
		{04432910-3448-4B99-8063-6C25639CB61F} = {D446ABE2-B64E-43B2-A270-A209C3CA54B1}
		{16EEDF9E-8112-4055-BAEF-EC001E3BDF3A} = {9F381F10-3F30-4490-A55D-5806EC94F6C4}
		{C603A77C-CA79-4B27-8DB1-78C80003DE02} = {05829E0F-331A-44AF-BEB8-3AD54EE35694}
		{6C0B3988-35D2-4A2F-8DA8-C48C19537C12} = {C603A77C-CA79-4B27-8DB1-78C80003DE02}
		{9F381F10-3F30-4490-A55D-5806EC94F6C4} = {05829E0F-331A-44AF-BEB8-3AD54EE35694}
		{F1E5D499-5383-4737-AB40-EBA0A7C388CE} = {05829E0F-331A-44AF-BEB8-3AD54EE35694}
		{2FC27868-C662-45DE-8BB7-86E2227CF472} = {F1E5D499-5383-4737-AB40-EBA0A7C388CE}
		{C486145B-9B0E-4C13-8C0F-FC79D41187D3} = {05829E0F-331A-44AF-BEB8-3AD54EE35694}
		{DC1D5779-DA56-44AB-9268-5D07FC8C873E} = {C486145B-9B0E-4C13-8C0F-FC79D41187D3}
		{0186995D-FE5F-4386-B440-D23BC76E5E20} = {DBA504F4-E4AE-4EFC-BB45-DA3F61ABA50A}
		{42CF6E0E-BFD5-4207-BD7F-EC5C22701590} = {0DD5F39F-1C2E-4847-A154-922EB372B2CA}
		{0DD5F39F-1C2E-4847-A154-922EB372B2CA} = {05829E0F-331A-44AF-BEB8-3AD54EE35694}
		{1C5F4C22-4B92-4704-BA94-0AF7D1BA1FCD} = {05829E0F-331A-44AF-BEB8-3AD54EE35694}
		{40962D41-BE59-4E31-89DF-6827FCA54A8E} = {1C5F4C22-4B92-4704-BA94-0AF7D1BA1FCD}
		{DBA504F4-E4AE-4EFC-BB45-DA3F61ABA50A} = {05829E0F-331A-44AF-BEB8-3AD54EE35694}
		{1DE1FCFF-15B0-4D05-B072-02F94554F30A} = {05829E0F-331A-44AF-BEB8-3AD54EE35694}
		{93F58317-41FE-4CF4-B56F-B4BEF2DB2FE2} = {1DE1FCFF-15B0-4D05-B072-02F94554F30A}
		{73839A16-68E5-4FF5-B6F2-E4A084D105F7} = {1B6FFBEA-35BD-4381-A2BE-4FA54E3940E1}
		{69B1F75B-7AF9-4803-ABDE-8F62A7137DF4} = {73839A16-68E5-4FF5-B6F2-E4A084D105F7}
		{F13367E2-951C-45EE-8F6A-37216365B1C4} = {05829E0F-331A-44AF-BEB8-3AD54EE35694}
		{3EFA7D2E-458D-4E7D-A640-62754C06A66B} = {F13367E2-951C-45EE-8F6A-37216365B1C4}
		{FF07FD8F-AED9-428E-937C-0DADEDB4825C} = {05829E0F-331A-44AF-BEB8-3AD54EE35694}
		{EFCB36D2-F7E3-4B84-809B-EDC3C4595FE1} = {FF07FD8F-AED9-428E-937C-0DADEDB4825C}
		{A75DF3E0-38AD-4297-90B6-120B2879F2B4} = {05829E0F-331A-44AF-BEB8-3AD54EE35694}
		{5364E572-BD04-4B3D-9FA9-03B05073F5AC} = {A75DF3E0-38AD-4297-90B6-120B2879F2B4}
		{4B9D5E04-114C-46C7-A513-9D1E0D6E93C4} = {1B6FFBEA-35BD-4381-A2BE-4FA54E3940E1}
		{1B20D2C1-D19C-4A1E-AB0C-3164B231BBB4} = {4B9D5E04-114C-46C7-A513-9D1E0D6E93C4}
	EndGlobalSection
	GlobalSection(ExtensibilityGlobals) = postSolution
		SolutionGuid = {092E4BB9-63E2-476F-91D9-389412140FC4}
	EndGlobalSection
EndGlobal
