
Microsoft Visual Studio Solution File, Format Version 12.00
# Visual Studio 15
VisualStudioVersion = 15.0.27004.2009
MinimumVisualStudioVersion = 10.0.40219.1
Project("{2150E333-8FDC-42A3-9474-1A3956D46DE8}") = "Configuration", "Configuration", "{3A330984-9652-4DA1-99D3-B55E6DEAC6AA}"
	ProjectSection(SolutionItems) = preProject
		gulp-config.js = gulp-config.js
		gulpfile.js = gulpfile.js
		src\Foundation\Commerce\nuget.config = src\Foundation\Commerce\nuget.config
	EndProjectSection
EndProject
Project("{9A19103F-16F7-4668-BE54-9A1E7A4F7556}") = "Sitecore.HabitatHome.Feature.Catalog.Engine", "src\Feature\Catalog\engine\Sitecore.HabitatHome.Feature.Catalog.Engine.csproj", "{DA03CAF5-148F-40B3-B438-08A3F708E3B0}"
EndProject
Project("{9A19103F-16F7-4668-BE54-9A1E7A4F7556}") = "Sitecore.HabitatHome.Feature.ProductBundle.Engine", "src\Feature\ProductBundle\engine\Sitecore.HabitatHome.Feature.ProductBundle.Engine.csproj", "{25290003-61D0-4EF5-9D02-00E808DA76B6}"
EndProject
Project("{9A19103F-16F7-4668-BE54-9A1E7A4F7556}") = "Sitecore.HabitatHome.Foundation.Rules.Engine", "src\Foundation\Rules\engine\Sitecore.HabitatHome.Foundation.Rules.Engine.csproj", "{924BBD98-B2F0-4DDB-A60A-C2069EAA1D99}"
EndProject
Project("{2150E333-8FDC-42A3-9474-1A3956D46DE8}") = "Feature", "Feature", "{4783F423-986A-4DE3-830B-837A6CD74DBF}"
EndProject
Project("{2150E333-8FDC-42A3-9474-1A3956D46DE8}") = "Foundation", "Foundation", "{B57BB723-79CB-42CA-8E57-064ED22E2357}"
EndProject
Project("{9A19103F-16F7-4668-BE54-9A1E7A4F7556}") = "Sitecore.HabitatHome.Feature.ProductKit.Engine", "src\Feature\ProductKit\engine\Sitecore.HabitatHome.Feature.ProductKit.Engine.csproj", "{515997D7-4386-4F2D-990D-FFDF2149E9FD}"
EndProject
Project("{9A19103F-16F7-4668-BE54-9A1E7A4F7556}") = "Sitecore.HabitatHome.Feature.NearestStore.Engine", "src\Feature\NearestStore\engine\Sitecore.HabitatHome.Feature.NearestStore.Engine.csproj", "{FA2FE0F3-E359-4C78-982C-1146AE3F17EA}"
EndProject
Project("{9A19103F-16F7-4668-BE54-9A1E7A4F7556}") = "Sitecore.HabitatHome.Feature.Wishlists.Engine", "src\Feature\WishLists\engine\Sitecore.HabitatHome.Feature.Wishlists.Engine.csproj", "{827BBF1A-BB90-4559-BBC2-5EAD6A6B5D1E}"
EndProject
Project("{9A19103F-16F7-4668-BE54-9A1E7A4F7556}") = "Sitecore.HabitatHome.Feature.Orders.Engine", "src\Feature\Orders\engine\Sitecore.HabitatHome.Feature.Orders.Engine.csproj", "{AB3E742A-83B2-4F02-8C81-968ED07D68E2}"
EndProject
Project("{9A19103F-16F7-4668-BE54-9A1E7A4F7556}") = "Sitecore.HabitatHome.Foundation.Payments.Engine", "src\Foundation\Payments\engine\Sitecore.HabitatHome.Foundation.Payments.Engine.csproj", "{EE3307D9-5A68-4197-858D-46AFBB9ABB0B}"
EndProject
Project("{2150E333-8FDC-42A3-9474-1A3956D46DE8}") = "Project", "Project", "{09EC139C-CB45-4793-B9CA-53F6157C5F72}"
EndProject
Project("{9A19103F-16F7-4668-BE54-9A1E7A4F7556}") = "Sitecore.Commerce.Engine", "src\Project\HabitatHome\engine\Sitecore.Commerce.Engine.csproj", "{0DD50A79-D39F-4457-AE39-762DC1C72CC8}"
EndProject
Project("{9A19103F-16F7-4668-BE54-9A1E7A4F7556}") = "Sitecore.HabitatHome.Foundation.Entitlements.Engine", "src\Foundation\Entitlements\engine\Sitecore.HabitatHome.Foundation.Entitlements.Engine.csproj", "{D18851CC-14DC-4654-97DA-842D97AADC78}"
EndProject
Project("{9A19103F-16F7-4668-BE54-9A1E7A4F7556}") = "Sitecore.HabitatHome.Foundation.PluginEnhancements.Engine", "src\Foundation\PluginEnhancements\engine\Sitecore.HabitatHome.Foundation.PluginEnhancements.Engine.csproj", "{4A5D1038-7BE1-4CAE-9AF2-C9957734C274}"
EndProject
Project("{9A19103F-16F7-4668-BE54-9A1E7A4F7556}") = "Sitecore.HabitatHome.Feature.EBay.Engine", "src\Feature\Marketplace\engine\Sitecore.HabitatHome.Feature.EBay.Engine.csproj", "{00E82E44-ED46-41A1-8457-6BE112AEE0B1}"
EndProject
Project("{9A19103F-16F7-4668-BE54-9A1E7A4F7556}") = "Plugin.Sample.Customers.CsMigration", "src\Foundation\Commerce\engine\Plugin.Sample.Customers.CsMigration\Plugin.Sample.Customers.CsMigration.csproj", "{BCAF69F9-C018-4EAE-A35B-FD29177049C4}"
EndProject
Project("{9A19103F-16F7-4668-BE54-9A1E7A4F7556}") = "Plugin.Sample.Upgrade", "src\Foundation\Commerce\engine\Plugin.Sample.Upgrade\Plugin.Sample.Upgrade.csproj", "{0A617008-D3BE-4052-B8BA-C6F3C07B1573}"
EndProject
Global
	GlobalSection(SolutionConfigurationPlatforms) = preSolution
		Debug|Any CPU = Debug|Any CPU
		Release|Any CPU = Release|Any CPU
	EndGlobalSection
	GlobalSection(ProjectConfigurationPlatforms) = postSolution
		{DA03CAF5-148F-40B3-B438-08A3F708E3B0}.Debug|Any CPU.ActiveCfg = Debug|Any CPU
		{DA03CAF5-148F-40B3-B438-08A3F708E3B0}.Debug|Any CPU.Build.0 = Debug|Any CPU
		{DA03CAF5-148F-40B3-B438-08A3F708E3B0}.Release|Any CPU.ActiveCfg = Release|Any CPU
		{DA03CAF5-148F-40B3-B438-08A3F708E3B0}.Release|Any CPU.Build.0 = Release|Any CPU
		{25290003-61D0-4EF5-9D02-00E808DA76B6}.Debug|Any CPU.ActiveCfg = Debug|Any CPU
		{25290003-61D0-4EF5-9D02-00E808DA76B6}.Debug|Any CPU.Build.0 = Debug|Any CPU
		{25290003-61D0-4EF5-9D02-00E808DA76B6}.Release|Any CPU.ActiveCfg = Release|Any CPU
		{25290003-61D0-4EF5-9D02-00E808DA76B6}.Release|Any CPU.Build.0 = Release|Any CPU
		{924BBD98-B2F0-4DDB-A60A-C2069EAA1D99}.Debug|Any CPU.ActiveCfg = Debug|Any CPU
		{924BBD98-B2F0-4DDB-A60A-C2069EAA1D99}.Debug|Any CPU.Build.0 = Debug|Any CPU
		{924BBD98-B2F0-4DDB-A60A-C2069EAA1D99}.Release|Any CPU.ActiveCfg = Release|Any CPU
		{924BBD98-B2F0-4DDB-A60A-C2069EAA1D99}.Release|Any CPU.Build.0 = Release|Any CPU
		{515997D7-4386-4F2D-990D-FFDF2149E9FD}.Debug|Any CPU.ActiveCfg = Debug|Any CPU
		{515997D7-4386-4F2D-990D-FFDF2149E9FD}.Debug|Any CPU.Build.0 = Debug|Any CPU
		{515997D7-4386-4F2D-990D-FFDF2149E9FD}.Release|Any CPU.ActiveCfg = Release|Any CPU
		{515997D7-4386-4F2D-990D-FFDF2149E9FD}.Release|Any CPU.Build.0 = Release|Any CPU
		{FA2FE0F3-E359-4C78-982C-1146AE3F17EA}.Debug|Any CPU.ActiveCfg = Debug|Any CPU
		{FA2FE0F3-E359-4C78-982C-1146AE3F17EA}.Debug|Any CPU.Build.0 = Debug|Any CPU
		{FA2FE0F3-E359-4C78-982C-1146AE3F17EA}.Release|Any CPU.ActiveCfg = Release|Any CPU
		{FA2FE0F3-E359-4C78-982C-1146AE3F17EA}.Release|Any CPU.Build.0 = Release|Any CPU
		{827BBF1A-BB90-4559-BBC2-5EAD6A6B5D1E}.Debug|Any CPU.ActiveCfg = Debug|Any CPU
		{827BBF1A-BB90-4559-BBC2-5EAD6A6B5D1E}.Debug|Any CPU.Build.0 = Debug|Any CPU
		{827BBF1A-BB90-4559-BBC2-5EAD6A6B5D1E}.Release|Any CPU.ActiveCfg = Release|Any CPU
		{827BBF1A-BB90-4559-BBC2-5EAD6A6B5D1E}.Release|Any CPU.Build.0 = Release|Any CPU
		{AB3E742A-83B2-4F02-8C81-968ED07D68E2}.Debug|Any CPU.ActiveCfg = Debug|Any CPU
		{AB3E742A-83B2-4F02-8C81-968ED07D68E2}.Debug|Any CPU.Build.0 = Debug|Any CPU
		{AB3E742A-83B2-4F02-8C81-968ED07D68E2}.Release|Any CPU.ActiveCfg = Release|Any CPU
		{AB3E742A-83B2-4F02-8C81-968ED07D68E2}.Release|Any CPU.Build.0 = Release|Any CPU
		{EE3307D9-5A68-4197-858D-46AFBB9ABB0B}.Debug|Any CPU.ActiveCfg = Debug|Any CPU
		{EE3307D9-5A68-4197-858D-46AFBB9ABB0B}.Debug|Any CPU.Build.0 = Debug|Any CPU
		{EE3307D9-5A68-4197-858D-46AFBB9ABB0B}.Release|Any CPU.ActiveCfg = Release|Any CPU
		{EE3307D9-5A68-4197-858D-46AFBB9ABB0B}.Release|Any CPU.Build.0 = Release|Any CPU
		{0DD50A79-D39F-4457-AE39-762DC1C72CC8}.Debug|Any CPU.ActiveCfg = Debug|Any CPU
		{0DD50A79-D39F-4457-AE39-762DC1C72CC8}.Debug|Any CPU.Build.0 = Debug|Any CPU
		{0DD50A79-D39F-4457-AE39-762DC1C72CC8}.Release|Any CPU.ActiveCfg = Release|Any CPU
		{0DD50A79-D39F-4457-AE39-762DC1C72CC8}.Release|Any CPU.Build.0 = Release|Any CPU
		{D18851CC-14DC-4654-97DA-842D97AADC78}.Debug|Any CPU.ActiveCfg = Debug|Any CPU
		{D18851CC-14DC-4654-97DA-842D97AADC78}.Debug|Any CPU.Build.0 = Debug|Any CPU
		{D18851CC-14DC-4654-97DA-842D97AADC78}.Release|Any CPU.ActiveCfg = Release|Any CPU
		{D18851CC-14DC-4654-97DA-842D97AADC78}.Release|Any CPU.Build.0 = Release|Any CPU
		{4A5D1038-7BE1-4CAE-9AF2-C9957734C274}.Debug|Any CPU.ActiveCfg = Debug|Any CPU
		{4A5D1038-7BE1-4CAE-9AF2-C9957734C274}.Debug|Any CPU.Build.0 = Debug|Any CPU
		{4A5D1038-7BE1-4CAE-9AF2-C9957734C274}.Release|Any CPU.ActiveCfg = Release|Any CPU
		{4A5D1038-7BE1-4CAE-9AF2-C9957734C274}.Release|Any CPU.Build.0 = Release|Any CPU
		{00E82E44-ED46-41A1-8457-6BE112AEE0B1}.Debug|Any CPU.ActiveCfg = Debug|Any CPU
		{00E82E44-ED46-41A1-8457-6BE112AEE0B1}.Debug|Any CPU.Build.0 = Debug|Any CPU
		{00E82E44-ED46-41A1-8457-6BE112AEE0B1}.Release|Any CPU.ActiveCfg = Release|Any CPU
		{00E82E44-ED46-41A1-8457-6BE112AEE0B1}.Release|Any CPU.Build.0 = Release|Any CPU
		{BCAF69F9-C018-4EAE-A35B-FD29177049C4}.Debug|Any CPU.ActiveCfg = Debug|Any CPU
		{BCAF69F9-C018-4EAE-A35B-FD29177049C4}.Debug|Any CPU.Build.0 = Debug|Any CPU
		{BCAF69F9-C018-4EAE-A35B-FD29177049C4}.Release|Any CPU.ActiveCfg = Release|Any CPU
		{BCAF69F9-C018-4EAE-A35B-FD29177049C4}.Release|Any CPU.Build.0 = Release|Any CPU
		{0A617008-D3BE-4052-B8BA-C6F3C07B1573}.Debug|Any CPU.ActiveCfg = Debug|Any CPU
		{0A617008-D3BE-4052-B8BA-C6F3C07B1573}.Debug|Any CPU.Build.0 = Debug|Any CPU
		{0A617008-D3BE-4052-B8BA-C6F3C07B1573}.Release|Any CPU.ActiveCfg = Release|Any CPU
		{0A617008-D3BE-4052-B8BA-C6F3C07B1573}.Release|Any CPU.Build.0 = Release|Any CPU
	EndGlobalSection
	GlobalSection(SolutionProperties) = preSolution
		HideSolutionNode = FALSE
	EndGlobalSection
	GlobalSection(NestedProjects) = preSolution
		{DA03CAF5-148F-40B3-B438-08A3F708E3B0} = {4783F423-986A-4DE3-830B-837A6CD74DBF}
		{25290003-61D0-4EF5-9D02-00E808DA76B6} = {4783F423-986A-4DE3-830B-837A6CD74DBF}
		{924BBD98-B2F0-4DDB-A60A-C2069EAA1D99} = {B57BB723-79CB-42CA-8E57-064ED22E2357}
		{515997D7-4386-4F2D-990D-FFDF2149E9FD} = {4783F423-986A-4DE3-830B-837A6CD74DBF}
		{FA2FE0F3-E359-4C78-982C-1146AE3F17EA} = {4783F423-986A-4DE3-830B-837A6CD74DBF}
		{827BBF1A-BB90-4559-BBC2-5EAD6A6B5D1E} = {4783F423-986A-4DE3-830B-837A6CD74DBF}
		{AB3E742A-83B2-4F02-8C81-968ED07D68E2} = {4783F423-986A-4DE3-830B-837A6CD74DBF}
		{EE3307D9-5A68-4197-858D-46AFBB9ABB0B} = {B57BB723-79CB-42CA-8E57-064ED22E2357}
		{0DD50A79-D39F-4457-AE39-762DC1C72CC8} = {09EC139C-CB45-4793-B9CA-53F6157C5F72}
		{D18851CC-14DC-4654-97DA-842D97AADC78} = {B57BB723-79CB-42CA-8E57-064ED22E2357}
		{4A5D1038-7BE1-4CAE-9AF2-C9957734C274} = {B57BB723-79CB-42CA-8E57-064ED22E2357}
		{00E82E44-ED46-41A1-8457-6BE112AEE0B1} = {4783F423-986A-4DE3-830B-837A6CD74DBF}
		{BCAF69F9-C018-4EAE-A35B-FD29177049C4} = {B57BB723-79CB-42CA-8E57-064ED22E2357}
		{0A617008-D3BE-4052-B8BA-C6F3C07B1573} = {B57BB723-79CB-42CA-8E57-064ED22E2357}
	EndGlobalSection
	GlobalSection(ExtensibilityGlobals) = postSolution
		SolutionGuid = {32813392-1C11-4D75-BF11-1ECBEF674669}
	EndGlobalSection
EndGlobal
