
Microsoft Visual Studio Solution File, Format Version 12.00
# Visual Studio 15
VisualStudioVersion = 15.0.27004.2009
MinimumVisualStudioVersion = 10.0.40219.1
Project("{2150E333-8FDC-42A3-9474-1A3956D46DE8}") = "Solution Items", "Solution Items", "{C331732C-A756-44C9-AF17-3F9D82E94261}"
	ProjectSection(SolutionItems) = preProject
		gulp-config.js = gulp-config.js
		gulpfile.js = gulpfile.js
		src\Foundation\Commerce\nuget.config = src\Foundation\Commerce\nuget.config
	EndProjectSection
EndProject
Project("{9A19103F-16F7-4668-BE54-9A1E7A4F7556}") = "Sitecore.Commerce.Sample.Console", "src\Foundation\Commerce\Sitecore.Commerce.Sample.Console\Sitecore.Commerce.Sample.Console.csproj", "{BA317E57-A696-43BD-9EA3-530DF05D5413}"
EndProject
Project("{9A19103F-16F7-4668-BE54-9A1E7A4F7556}") = "Sitecore.Commerce.ServiceProxy", "src\Foundation\Commerce\Sitecore.Commerce.ServiceProxy\Sitecore.Commerce.ServiceProxy.csproj", "{6FE5FBCB-4656-48BE-AD10-A7DB275E2EB3}"
EndProject
Global
	GlobalSection(SolutionConfigurationPlatforms) = preSolution
		Debug|Any CPU = Debug|Any CPU
		Release|Any CPU = Release|Any CPU
	EndGlobalSection
	GlobalSection(ProjectConfigurationPlatforms) = postSolution
		{BA317E57-A696-43BD-9EA3-530DF05D5413}.Debug|Any CPU.ActiveCfg = Debug|Any CPU
		{BA317E57-A696-43BD-9EA3-530DF05D5413}.Debug|Any CPU.Build.0 = Debug|Any CPU
		{BA317E57-A696-43BD-9EA3-530DF05D5413}.Release|Any CPU.ActiveCfg = Release|Any CPU
		{BA317E57-A696-43BD-9EA3-530DF05D5413}.Release|Any CPU.Build.0 = Release|Any CPU
		{6FE5FBCB-4656-48BE-AD10-A7DB275E2EB3}.Debug|Any CPU.ActiveCfg = Debug|Any CPU
		{6FE5FBCB-4656-48BE-AD10-A7DB275E2EB3}.Debug|Any CPU.Build.0 = Debug|Any CPU
		{6FE5FBCB-4656-48BE-AD10-A7DB275E2EB3}.Release|Any CPU.ActiveCfg = Release|Any CPU
		{6FE5FBCB-4656-48BE-AD10-A7DB275E2EB3}.Release|Any CPU.Build.0 = Release|Any CPU
	EndGlobalSection
	GlobalSection(SolutionProperties) = preSolution
		HideSolutionNode = FALSE
	EndGlobalSection
	GlobalSection(ExtensibilityGlobals) = postSolution
		SolutionGuid = {97CAF084-BD48-4946-963D-D956A265694E}
	EndGlobalSection
EndGlobal
