
Microsoft Visual Studio Solution File, Format Version 12.00
# Visual Studio 15
VisualStudioVersion = 15.0.27004.2009
MinimumVisualStudioVersion = 10.0.40219.1
Project("{2150E333-8FDC-42A3-9474-1A3956D46DE8}") = "Solution Items", "Solution Items", "{3A330984-9652-4DA1-99D3-B55E6DEAC6AA}"
	ProjectSection(SolutionItems) = preProject
		src\WebDeployUpdates\CECloud.parameters.xml = src\WebDeployUpdates\CECloud.parameters.xml
		gulp-config.js = gulp-config.js
		gulpfile.js = gulpfile.js
		src\Foundation\Commerce\nuget.config = src\Foundation\Commerce\nuget.config
	EndProjectSection
EndProject
Project("{2150E333-8FDC-42A3-9474-1A3956D46DE8}") = "CECloud_SCCPL", "CECloud_SCCPL", "{0946C395-5DF9-48DA-BB53-DC5CA2A4BEFE}"
EndProject
Project("{2150E333-8FDC-42A3-9474-1A3956D46DE8}") = "CopyToRoot", "CopyToRoot", "{541693FF-FDF0-4257-8EF4-814D8B2C3E21}"
	ProjectSection(SolutionItems) = preProject
		src\WebDeployUpdates\CECloud_SCCPL\CopyToRoot\CreateUser.Global.sql = src\WebDeployUpdates\CECloud_SCCPL\CopyToRoot\CreateUser.Global.sql
		src\WebDeployUpdates\CECloud_SCCPL\CopyToRoot\CreateUser.Shared.sql = src\WebDeployUpdates\CECloud_SCCPL\CopyToRoot\CreateUser.Shared.sql
	EndProjectSection
EndProject
Project("{9A19103F-16F7-4668-BE54-9A1E7A4F7556}") = "Plugin.Demo.Payments.Moneybags", "src\Foundation\Commerce\Plugin.Demo.Payments.Moneybags\Plugin.Demo.Payments.Moneybags.csproj", "{8084392E-5BBA-4981-BA81-A9D3BE403C18}"
EndProject
Project("{9A19103F-16F7-4668-BE54-9A1E7A4F7556}") = "Plugin.Sample.Customers.CsMigration", "src\Foundation\Commerce\Plugin.Sample.Customers.CsMigration\Plugin.Sample.Customers.CsMigration.csproj", "{BF1339A2-014F-4585-86F5-548B5882A208}"
EndProject
Project("{9A19103F-16F7-4668-BE54-9A1E7A4F7556}") = "Plugin.Sample.Payments.Braintree", "src\Foundation\Commerce\Plugin.Sample.Payments.Braintree\Plugin.Sample.Payments.Braintree.csproj", "{20511445-F8C7-4AD8-BBAD-B78338B00F1A}"
EndProject
Project("{9A19103F-16F7-4668-BE54-9A1E7A4F7556}") = "Plugin.Sample.Upgrade", "src\Foundation\Commerce\Plugin.Sample.Upgrade\Plugin.Sample.Upgrade.csproj", "{5E87657C-7FF0-4685-8AE7-8CB03106F00F}"
EndProject
Project("{9A19103F-16F7-4668-BE54-9A1E7A4F7556}") = "Sitecore.Commerce.Engine", "src\Foundation\Commerce\Sitecore.Commerce.Engine\Sitecore.Commerce.Engine.csproj", "{F008BF2D-CB43-4ED6-A16E-58E381345F23}"
EndProject
Project("{9A19103F-16F7-4668-BE54-9A1E7A4F7556}") = "Plugin.Demo.HabitatHome", "src\Foundation\Commerce\Plugin.Demo.HabitatHome\Plugin.Demo.HabitatHome.csproj", "{04FC54A0-58D8-43D7-A3A7-82CA6D82AED7}"
EndProject
Global
	GlobalSection(SolutionConfigurationPlatforms) = preSolution
		Debug|Any CPU = Debug|Any CPU
		Release|Any CPU = Release|Any CPU
	EndGlobalSection
	GlobalSection(ProjectConfigurationPlatforms) = postSolution
		{8084392E-5BBA-4981-BA81-A9D3BE403C18}.Debug|Any CPU.ActiveCfg = Debug|Any CPU
		{8084392E-5BBA-4981-BA81-A9D3BE403C18}.Debug|Any CPU.Build.0 = Debug|Any CPU
		{8084392E-5BBA-4981-BA81-A9D3BE403C18}.Release|Any CPU.ActiveCfg = Release|Any CPU
		{8084392E-5BBA-4981-BA81-A9D3BE403C18}.Release|Any CPU.Build.0 = Release|Any CPU
		{BF1339A2-014F-4585-86F5-548B5882A208}.Debug|Any CPU.ActiveCfg = Debug|Any CPU
		{BF1339A2-014F-4585-86F5-548B5882A208}.Debug|Any CPU.Build.0 = Debug|Any CPU
		{BF1339A2-014F-4585-86F5-548B5882A208}.Release|Any CPU.ActiveCfg = Release|Any CPU
		{BF1339A2-014F-4585-86F5-548B5882A208}.Release|Any CPU.Build.0 = Release|Any CPU
		{20511445-F8C7-4AD8-BBAD-B78338B00F1A}.Debug|Any CPU.ActiveCfg = Debug|Any CPU
		{20511445-F8C7-4AD8-BBAD-B78338B00F1A}.Debug|Any CPU.Build.0 = Debug|Any CPU
		{20511445-F8C7-4AD8-BBAD-B78338B00F1A}.Release|Any CPU.ActiveCfg = Release|Any CPU
		{20511445-F8C7-4AD8-BBAD-B78338B00F1A}.Release|Any CPU.Build.0 = Release|Any CPU
		{5E87657C-7FF0-4685-8AE7-8CB03106F00F}.Debug|Any CPU.ActiveCfg = Debug|Any CPU
		{5E87657C-7FF0-4685-8AE7-8CB03106F00F}.Debug|Any CPU.Build.0 = Debug|Any CPU
		{5E87657C-7FF0-4685-8AE7-8CB03106F00F}.Release|Any CPU.ActiveCfg = Release|Any CPU
		{5E87657C-7FF0-4685-8AE7-8CB03106F00F}.Release|Any CPU.Build.0 = Release|Any CPU
		{F008BF2D-CB43-4ED6-A16E-58E381345F23}.Debug|Any CPU.ActiveCfg = Debug|Any CPU
		{F008BF2D-CB43-4ED6-A16E-58E381345F23}.Debug|Any CPU.Build.0 = Debug|Any CPU
		{F008BF2D-CB43-4ED6-A16E-58E381345F23}.Release|Any CPU.ActiveCfg = Release|Any CPU
		{F008BF2D-CB43-4ED6-A16E-58E381345F23}.Release|Any CPU.Build.0 = Release|Any CPU
		{04FC54A0-58D8-43D7-A3A7-82CA6D82AED7}.Debug|Any CPU.ActiveCfg = Debug|Any CPU
		{04FC54A0-58D8-43D7-A3A7-82CA6D82AED7}.Debug|Any CPU.Build.0 = Debug|Any CPU
		{04FC54A0-58D8-43D7-A3A7-82CA6D82AED7}.Release|Any CPU.ActiveCfg = Release|Any CPU
		{04FC54A0-58D8-43D7-A3A7-82CA6D82AED7}.Release|Any CPU.Build.0 = Release|Any CPU
	EndGlobalSection
	GlobalSection(SolutionProperties) = preSolution
		HideSolutionNode = FALSE
	EndGlobalSection
	GlobalSection(NestedProjects) = preSolution
		{0946C395-5DF9-48DA-BB53-DC5CA2A4BEFE} = {3A330984-9652-4DA1-99D3-B55E6DEAC6AA}
		{541693FF-FDF0-4257-8EF4-814D8B2C3E21} = {0946C395-5DF9-48DA-BB53-DC5CA2A4BEFE}
	EndGlobalSection
	GlobalSection(ExtensibilityGlobals) = postSolution
		SolutionGuid = {32813392-1C11-4D75-BF11-1ECBEF674669}
	EndGlobalSection
EndGlobal
