Microsoft Visual Studio Solution File, Format Version 12.00
# Visual Studio 15
VisualStudioVersion = 15.0.27004.2009
MinimumVisualStudioVersion = 10.0.40219.1
Project("{2150E333-8FDC-42A3-9474-1A3956D46DE8}") = "Configuration", "Configuration", "{38E46594-2B99-43FF-9E92-9A11B45168D8}"
	ProjectSection(SolutionItems) = preProject
		.gitattributes = .gitattributes
		.gitignore = .gitignore
		deploy-commerce-engine.ps1 = deploy-commerce-engine.ps1
		gulp-config.js = gulp-config.js
		gulpfile.js = gulpfile.js
		nuget.config = nuget.config
		package.json = package.json
		README.md = README.md
	EndProjectSection
EndProject
Project("{2150E333-8FDC-42A3-9474-1A3956D46DE8}") = "Project", "Project", "{EC07E32B-7A0D-4C4D-941D-43DAC3AE2601}"
EndProject
Project("{2150E333-8FDC-42A3-9474-1A3956D46DE8}") = "Foundation", "Foundation", "{1B6FFBEA-35BD-4381-A2BE-4FA54E3940E1}"
EndProject
Project("{2150E333-8FDC-42A3-9474-1A3956D46DE8}") = "Feature", "Feature", "{05829E0F-331A-44AF-BEB8-3AD54EE35694}"
EndProject
Project("{2150E333-8FDC-42A3-9474-1A3956D46DE8}") = "Rules", "Rules", "{D446ABE2-B64E-43B2-A270-A209C3CA54B1}"
EndProject
Project("{2150E333-8FDC-42A3-9474-1A3956D46DE8}") = "Catalog", "Catalog", "{C603A77C-CA79-4B27-8DB1-78C80003DE02}"
EndProject
Project("{2150E333-8FDC-42A3-9474-1A3956D46DE8}") = "NearestStore", "NearestStore", "{9F381F10-3F30-4490-A55D-5806EC94F6C4}"
EndProject
Project("{2150E333-8FDC-42A3-9474-1A3956D46DE8}") = "Cart", "Cart", "{DBA504F4-E4AE-4EFC-BB45-DA3F61ABA50A}"
EndProject
Project("{2150E333-8FDC-42A3-9474-1A3956D46DE8}") = "WishLists", "WishLists", "{1DE1FCFF-15B0-4D05-B072-02F94554F30A}"
EndProject
Project("{2150E333-8FDC-42A3-9474-1A3956D46DE8}") = "WishLists", "WishLists", "{73839A16-68E5-4FF5-B6F2-E4A084D105F7}"
EndProject
Project("{2150E333-8FDC-42A3-9474-1A3956D46DE8}") = "StoreLocator", "StoreLocator", "{4B9D5E04-114C-46C7-A513-9D1E0D6E93C4}"
EndProject
Project("{2150E333-8FDC-42A3-9474-1A3956D46DE8}") = "Orders", "Orders", "{741A0A5C-2A66-4964-B4C4-35CA2E4D7088}"
EndProject
Project("{2150E333-8FDC-42A3-9474-1A3956D46DE8}") = "Customers", "Customers", "{F9848F58-F3F6-4A70-B63B-F10FB19A5544}"
EndProject
Project("{2150E333-8FDC-42A3-9474-1A3956D46DE8}") = "Search", "Search", "{1C3D9E2B-3F5A-45F6-AB66-08CD8DFF6D50}"
EndProject
Project("{2150E333-8FDC-42A3-9474-1A3956D46DE8}") = "Catalog", "Catalog", "{7A244530-E379-4E20-A89F-2805AC2CEC71}"
EndProject
Project("{2150E333-8FDC-42A3-9474-1A3956D46DE8}") = "ProductKit", "ProductKit", "{790D22B8-D466-466A-B7D8-4E241963EFC8}"
EndProject
Project("{2150E333-8FDC-42A3-9474-1A3956D46DE8}") = "ProductBundles", "ProductBundles", "{379D5729-A6EA-47C6-9742-78D9FD26FE1D}"
EndProject
Project("{2150E333-8FDC-42A3-9474-1A3956D46DE8}") = "Commerce", "Commerce", "{B5F21741-0DE5-41E3-BB6B-BD7362D1691F}"
EndProject
Project("{2150E333-8FDC-42A3-9474-1A3956D46DE8}") = "Order", "Order", "{D225B53B-C97C-4915-A4F1-833C313183E5}"
EndProject
Project("{2150E333-8FDC-42A3-9474-1A3956D46DE8}") = "Payments", "Payments", "{E615F6ED-B701-44E8-9C90-E848D17ACE6A}"
EndProject
Project("{9A19103F-16F7-4668-BE54-9A1E7A4F7556}") = "Sitecore.HabitatHome.Feature.Catalog.Engine", "src\Feature\Catalog\engine\Sitecore.HabitatHome.Feature.Catalog.Engine.csproj", "{0B06C389-BC7F-4E66-9C36-4B31AA4273C9}"
EndProject
Project("{9A19103F-16F7-4668-BE54-9A1E7A4F7556}") = "Sitecore.HabitatHome.Feature.NearestStore.Engine", "src\Feature\NearestStore\engine\Sitecore.HabitatHome.Feature.NearestStore.Engine.csproj", "{990CCCC6-F9A4-4269-B0BD-FFA150D2342A}"
EndProject
Project("{9A19103F-16F7-4668-BE54-9A1E7A4F7556}") = "Sitecore.HabitatHome.Feature.Orders.Engine", "src\Feature\Orders\engine\Sitecore.HabitatHome.Feature.Orders.Engine.csproj", "{882EB0C4-982B-4D77-B4A8-0E58049C77F7}"
EndProject
Project("{9A19103F-16F7-4668-BE54-9A1E7A4F7556}") = "Sitecore.HabitatHome.Feature.ProductBundle.Engine", "src\Feature\ProductBundle\engine\Sitecore.HabitatHome.Feature.ProductBundle.Engine.csproj", "{1497B93E-2B93-47DD-BCCC-C7D77EBCD932}"
EndProject
Project("{9A19103F-16F7-4668-BE54-9A1E7A4F7556}") = "Sitecore.HabitatHome.Feature.ProductKit.Engine", "src\Feature\ProductKit\engine\Sitecore.HabitatHome.Feature.ProductKit.Engine.csproj", "{456024D2-FDA1-443E-8C02-692B740E91F3}"
EndProject
Project("{9A19103F-16F7-4668-BE54-9A1E7A4F7556}") = "Sitecore.HabitatHome.Feature.Wishlists.Engine", "src\Feature\WishLists\engine\Sitecore.HabitatHome.Feature.Wishlists.Engine.csproj", "{0D6546DA-86E5-4164-92B0-50723C830B82}"
EndProject
Project("{9A19103F-16F7-4668-BE54-9A1E7A4F7556}") = "Sitecore.HabitatHome.Foundation.Payments.Engine", "src\Foundation\Payments\engine\Sitecore.HabitatHome.Foundation.Payments.Engine.csproj", "{44CB3E5F-354B-4046-A4AE-B56BDD3681AD}"
EndProject
Project("{9A19103F-16F7-4668-BE54-9A1E7A4F7556}") = "Sitecore.HabitatHome.Foundation.Rules.Engine", "src\Foundation\Rules\engine\Sitecore.HabitatHome.Foundation.Rules.Engine.csproj", "{2AAD31B6-3AB0-4772-9E60-3B21C6E5666F}"
EndProject
Project("{9A19103F-16F7-4668-BE54-9A1E7A4F7556}") = "Sitecore.Commerce.Engine", "src\Project\HabitatHome\engine\Sitecore.Commerce.Engine.csproj", "{A4ED1519-D011-4AFB-A257-A18AE8DB40EA}"
EndProject
Project("{2150E333-8FDC-42A3-9474-1A3956D46DE8}") = "Entitlements", "Entitlements", "{514751C5-E086-4A24-91B1-6A5A2F6C5502}"
EndProject
Project("{9A19103F-16F7-4668-BE54-9A1E7A4F7556}") = "Sitecore.HabitatHome.Foundation.Entitlements.Engine", "src\Foundation\Entitlements\engine\Sitecore.HabitatHome.Foundation.Entitlements.Engine.csproj", "{211FA38D-E422-4EEA-BBBF-6C1AE5FE6437}"
EndProject
Project("{FAE04EC0-301F-11D3-BF4B-00C04F79EFBC}") = "Sitecore.HabitatHome.Feature.Cart.Website", "src\Feature\Cart\website\Sitecore.HabitatHome.Feature.Cart.Website.csproj", "{0186995D-FE5F-4386-B440-D23BC76E5E20}"
EndProject
Project("{FAE04EC0-301F-11D3-BF4B-00C04F79EFBC}") = "Sitecore.HabitatHome.Feature.Catalog.Website", "src\Feature\Catalog\website\Sitecore.HabitatHome.Feature.Catalog.Website.csproj", "{6C0B3988-35D2-4A2F-8DA8-C48C19537C12}"
EndProject
Project("{FAE04EC0-301F-11D3-BF4B-00C04F79EFBC}") = "Sitecore.HabitatHome.Feature.Customers.Website", "src\Feature\Customers\website\Sitecore.HabitatHome.Feature.Customers.Website.csproj", "{59FCF243-F2D0-4ADA-9FAB-107EFAA61DD5}"
EndProject
Project("{FAE04EC0-301F-11D3-BF4B-00C04F79EFBC}") = "Sitecore.HabitatHome.Feature.NearestStore.Website", "src\Feature\NearestStore\website\Sitecore.HabitatHome.Feature.NearestStore.Website.csproj", "{16EEDF9E-8112-4055-BAEF-EC001E3BDF3A}"
EndProject
Project("{FAE04EC0-301F-11D3-BF4B-00C04F79EFBC}") = "Sitecore.HabitatHome.Feature.Orders.Website", "src\Feature\Orders\website\Sitecore.HabitatHome.Feature.Orders.Website.csproj", "{42CF6E0E-BFD5-4207-BD7F-EC5C22701590}"
EndProject
Project("{FAE04EC0-301F-11D3-BF4B-00C04F79EFBC}") = "Sitecore.HabitatHome.Feature.ProductBundle.Website", "src\Feature\ProductBundle\website\Sitecore.HabitatHome.Feature.ProductBundle.Website.csproj", "{9EE761D9-6BD2-41BD-BE89-15E1DAB07540}"
EndProject
Project("{FAE04EC0-301F-11D3-BF4B-00C04F79EFBC}") = "Sitecore.HabitatHome.Feature.ProductKit.Website", "src\Feature\ProductKit\website\Sitecore.HabitatHome.Feature.ProductKit.Website.csproj", "{5E151EE0-5AE0-4B3E-BA05-945B9E0F61C4}"
EndProject
Project("{FAE04EC0-301F-11D3-BF4B-00C04F79EFBC}") = "Sitecore.HabitatHome.Foundation.Catalog.Website", "src\Foundation\Catalog\website\Sitecore.HabitatHome.Foundation.Catalog.Website.csproj", "{5CD30D98-0B87-4906-B7B5-B165B68C38EE}"
EndProject
Project("{FAE04EC0-301F-11D3-BF4B-00C04F79EFBC}") = "Sitecore.HabitatHome.Foundation.Orders.Website", "src\Foundation\Orders\website\Sitecore.HabitatHome.Foundation.Orders.Website.csproj", "{BCA79AED-CF8B-438E-98A6-BF0ECB4A7020}"
EndProject
Project("{FAE04EC0-301F-11D3-BF4B-00C04F79EFBC}") = "Sitecore.HabitatHome.Foundation.Rules.Website", "src\Foundation\Rules\website\Sitecore.HabitatHome.Foundation.Rules.Website.csproj", "{04432910-3448-4B99-8063-6C25639CB61F}"
EndProject
Project("{FAE04EC0-301F-11D3-BF4B-00C04F79EFBC}") = "Sitecore.HabitatHome.Foundation.Search.Website", "src\Foundation\Search\website\Sitecore.HabitatHome.Foundation.Search.Website.csproj", "{70BF79BF-E57D-478C-8C99-1D210131A77F}"
EndProject
Project("{FAE04EC0-301F-11D3-BF4B-00C04F79EFBC}") = "Sitecore.HabitatHome.Foundation.StoreLocator.Website", "src\Foundation\StoreLocator\website\Sitecore.HabitatHome.Foundation.StoreLocator.Website.csproj", "{1B20D2C1-D19C-4A1E-AB0C-3164B231BBB4}"
EndProject
Project("{FAE04EC0-301F-11D3-BF4B-00C04F79EFBC}") = "Sitecore.HabitatHome.Commerce.Website", "src\Project\HabitatHome\website\Sitecore.HabitatHome.Commerce.Website.csproj", "{B3375668-929C-496B-99BA-DD011B7C6FD2}"
EndProject
Project("{2150E333-8FDC-42A3-9474-1A3956D46DE8}") = "Marketplace", "Marketplace", "{92AE9846-09A0-41A0-8406-E4AA37292DDC}"
EndProject
Project("{9A19103F-16F7-4668-BE54-9A1E7A4F7556}") = "Sitecore.HabitatHome.Feature.EBay.Engine", "src\Feature\Marketplace\engine\Sitecore.HabitatHome.Feature.EBay.Engine.csproj", "{8EAA6741-A9A9-462F-BE72-5B2F538AF8E8}"
EndProject
Project("{9A19103F-16F7-4668-BE54-9A1E7A4F7556}") = "Sitecore.HabitatHome.Foundation.PluginEnhancements.Engine", "src\Foundation\PluginEnhancements\engine\Sitecore.HabitatHome.Foundation.PluginEnhancements.Engine.csproj", "{E9D37FB0-E410-4667-8ABA-E9A81E7363D2}"
EndProject
Project("{2150E333-8FDC-42A3-9474-1A3956D46DE8}") = "PluginEnhancements", "PluginEnhancements", "{107AC074-9F47-47DE-821B-FCF91D2EB3CC}"
EndProject
Project("{2150E333-8FDC-42A3-9474-1A3956D46DE8}") = "ActivePromotion", "ActivePromotion", "{054C0EDB-3E7C-4CF6-8B85-7D6F55397147}"
EndProject
Project("{FAE04EC0-301F-11D3-BF4B-00C04F79EFBC}") = "Sitecore.HabitatHome.Feature.ActivePromotion.Website", "src\Feature\ActivePromotion\website\Sitecore.HabitatHome.Feature.ActivePromotion.Website.csproj", "{EFF50A81-0722-4537-892D-F0522495BFD6}"
EndProject
Project("{2150E333-8FDC-42A3-9474-1A3956D46DE8}") = "Promotions", "Promotions", "{F11F18D0-C25F-4130-8320-DDE62AA33EDB}"
EndProject
Project("{FAE04EC0-301F-11D3-BF4B-00C04F79EFBC}") = "Sitecore.HabitatHome.Foundation.Promotions.Website", "src\Foundation\Promotions\website\Sitecore.HabitatHome.Foundation.Promotions.Website.csproj", "{A5FE2C5D-8A6F-4ACF-9F4F-03B7F8F7F94F}"
EndProject
Project("{2150E333-8FDC-42A3-9474-1A3956D46DE8}") = "ProductRelatedContent", "ProductRelatedContent", "{28FE62EE-EC31-4D80-83B3-ECE2EC62856E}"
EndProject
Project("{FAE04EC0-301F-11D3-BF4B-00C04F79EFBC}") = "Sitecore.HabitatHome.Feature.ProductRelatedContent.Website", "src\Feature\ProductRelatedContent\website\Sitecore.HabitatHome.Feature.ProductRelatedContent.Website.csproj", "{4230C56A-B706-4070-832F-B9E1CADBFDBB}"
EndProject
Project("{9A19103F-16F7-4668-BE54-9A1E7A4F7556}") = "Sitecore.HabitatHome.Foundation.Commerce.ServiceProxy.Website", "src\Foundation\Commerce\website\Sitecore.Commerce.ServiceProxy\Sitecore.HabitatHome.Foundation.Commerce.ServiceProxy.Website.csproj", "{13154283-D93B-496E-8B2D-456E23255FD0}"
EndProject
Global
	GlobalSection(SolutionConfigurationPlatforms) = preSolution
		Debug|Any CPU = Debug|Any CPU
		Release|Any CPU = Release|Any CPU
	EndGlobalSection
	GlobalSection(ProjectConfigurationPlatforms) = postSolution
		{0B06C389-BC7F-4E66-9C36-4B31AA4273C9}.Debug|Any CPU.ActiveCfg = Debug|Any CPU
		{0B06C389-BC7F-4E66-9C36-4B31AA4273C9}.Release|Any CPU.ActiveCfg = Release|Any CPU
		{990CCCC6-F9A4-4269-B0BD-FFA150D2342A}.Debug|Any CPU.ActiveCfg = Debug|Any CPU
		{990CCCC6-F9A4-4269-B0BD-FFA150D2342A}.Release|Any CPU.ActiveCfg = Release|Any CPU
		{882EB0C4-982B-4D77-B4A8-0E58049C77F7}.Debug|Any CPU.ActiveCfg = Debug|Any CPU
		{882EB0C4-982B-4D77-B4A8-0E58049C77F7}.Release|Any CPU.ActiveCfg = Release|Any CPU
		{1497B93E-2B93-47DD-BCCC-C7D77EBCD932}.Debug|Any CPU.ActiveCfg = Debug|Any CPU
		{1497B93E-2B93-47DD-BCCC-C7D77EBCD932}.Release|Any CPU.ActiveCfg = Release|Any CPU
		{456024D2-FDA1-443E-8C02-692B740E91F3}.Debug|Any CPU.ActiveCfg = Debug|Any CPU
		{456024D2-FDA1-443E-8C02-692B740E91F3}.Release|Any CPU.ActiveCfg = Release|Any CPU
		{0D6546DA-86E5-4164-92B0-50723C830B82}.Debug|Any CPU.ActiveCfg = Debug|Any CPU
		{0D6546DA-86E5-4164-92B0-50723C830B82}.Release|Any CPU.ActiveCfg = Release|Any CPU
		{44CB3E5F-354B-4046-A4AE-B56BDD3681AD}.Debug|Any CPU.ActiveCfg = Debug|Any CPU
		{44CB3E5F-354B-4046-A4AE-B56BDD3681AD}.Release|Any CPU.ActiveCfg = Release|Any CPU
		{2AAD31B6-3AB0-4772-9E60-3B21C6E5666F}.Debug|Any CPU.ActiveCfg = Debug|Any CPU
		{2AAD31B6-3AB0-4772-9E60-3B21C6E5666F}.Release|Any CPU.ActiveCfg = Release|Any CPU
		{A4ED1519-D011-4AFB-A257-A18AE8DB40EA}.Debug|Any CPU.ActiveCfg = Debug|Any CPU
		{A4ED1519-D011-4AFB-A257-A18AE8DB40EA}.Release|Any CPU.ActiveCfg = Release|Any CPU
		{211FA38D-E422-4EEA-BBBF-6C1AE5FE6437}.Debug|Any CPU.ActiveCfg = Debug|Any CPU
		{211FA38D-E422-4EEA-BBBF-6C1AE5FE6437}.Release|Any CPU.ActiveCfg = Release|Any CPU
		{0186995D-FE5F-4386-B440-D23BC76E5E20}.Debug|Any CPU.ActiveCfg = Debug|Any CPU
		{0186995D-FE5F-4386-B440-D23BC76E5E20}.Debug|Any CPU.Build.0 = Debug|Any CPU
		{0186995D-FE5F-4386-B440-D23BC76E5E20}.Release|Any CPU.ActiveCfg = Release|Any CPU
		{0186995D-FE5F-4386-B440-D23BC76E5E20}.Release|Any CPU.Build.0 = Release|Any CPU
		{6C0B3988-35D2-4A2F-8DA8-C48C19537C12}.Debug|Any CPU.ActiveCfg = Debug|Any CPU
		{6C0B3988-35D2-4A2F-8DA8-C48C19537C12}.Debug|Any CPU.Build.0 = Debug|Any CPU
		{6C0B3988-35D2-4A2F-8DA8-C48C19537C12}.Release|Any CPU.ActiveCfg = Release|Any CPU
		{6C0B3988-35D2-4A2F-8DA8-C48C19537C12}.Release|Any CPU.Build.0 = Release|Any CPU
		{59FCF243-F2D0-4ADA-9FAB-107EFAA61DD5}.Debug|Any CPU.ActiveCfg = Debug|Any CPU
		{59FCF243-F2D0-4ADA-9FAB-107EFAA61DD5}.Debug|Any CPU.Build.0 = Debug|Any CPU
		{59FCF243-F2D0-4ADA-9FAB-107EFAA61DD5}.Release|Any CPU.ActiveCfg = Release|Any CPU
		{59FCF243-F2D0-4ADA-9FAB-107EFAA61DD5}.Release|Any CPU.Build.0 = Release|Any CPU
		{16EEDF9E-8112-4055-BAEF-EC001E3BDF3A}.Debug|Any CPU.ActiveCfg = Debug|Any CPU
		{16EEDF9E-8112-4055-BAEF-EC001E3BDF3A}.Debug|Any CPU.Build.0 = Debug|Any CPU
		{16EEDF9E-8112-4055-BAEF-EC001E3BDF3A}.Release|Any CPU.ActiveCfg = Release|Any CPU
		{16EEDF9E-8112-4055-BAEF-EC001E3BDF3A}.Release|Any CPU.Build.0 = Release|Any CPU
		{42CF6E0E-BFD5-4207-BD7F-EC5C22701590}.Debug|Any CPU.ActiveCfg = Debug|Any CPU
		{42CF6E0E-BFD5-4207-BD7F-EC5C22701590}.Debug|Any CPU.Build.0 = Debug|Any CPU
		{42CF6E0E-BFD5-4207-BD7F-EC5C22701590}.Release|Any CPU.ActiveCfg = Release|Any CPU
		{42CF6E0E-BFD5-4207-BD7F-EC5C22701590}.Release|Any CPU.Build.0 = Release|Any CPU
		{9EE761D9-6BD2-41BD-BE89-15E1DAB07540}.Debug|Any CPU.ActiveCfg = Debug|Any CPU
		{9EE761D9-6BD2-41BD-BE89-15E1DAB07540}.Debug|Any CPU.Build.0 = Debug|Any CPU
		{9EE761D9-6BD2-41BD-BE89-15E1DAB07540}.Release|Any CPU.ActiveCfg = Release|Any CPU
		{9EE761D9-6BD2-41BD-BE89-15E1DAB07540}.Release|Any CPU.Build.0 = Release|Any CPU
		{5E151EE0-5AE0-4B3E-BA05-945B9E0F61C4}.Debug|Any CPU.ActiveCfg = Debug|Any CPU
		{5E151EE0-5AE0-4B3E-BA05-945B9E0F61C4}.Debug|Any CPU.Build.0 = Debug|Any CPU
		{5E151EE0-5AE0-4B3E-BA05-945B9E0F61C4}.Release|Any CPU.ActiveCfg = Release|Any CPU
		{5E151EE0-5AE0-4B3E-BA05-945B9E0F61C4}.Release|Any CPU.Build.0 = Release|Any CPU
		{5CD30D98-0B87-4906-B7B5-B165B68C38EE}.Debug|Any CPU.ActiveCfg = Debug|Any CPU
		{5CD30D98-0B87-4906-B7B5-B165B68C38EE}.Debug|Any CPU.Build.0 = Debug|Any CPU
		{5CD30D98-0B87-4906-B7B5-B165B68C38EE}.Release|Any CPU.ActiveCfg = Release|Any CPU
		{5CD30D98-0B87-4906-B7B5-B165B68C38EE}.Release|Any CPU.Build.0 = Release|Any CPU
		{BCA79AED-CF8B-438E-98A6-BF0ECB4A7020}.Debug|Any CPU.ActiveCfg = Debug|Any CPU
		{BCA79AED-CF8B-438E-98A6-BF0ECB4A7020}.Debug|Any CPU.Build.0 = Debug|Any CPU
		{BCA79AED-CF8B-438E-98A6-BF0ECB4A7020}.Release|Any CPU.ActiveCfg = Release|Any CPU
		{BCA79AED-CF8B-438E-98A6-BF0ECB4A7020}.Release|Any CPU.Build.0 = Release|Any CPU
		{04432910-3448-4B99-8063-6C25639CB61F}.Debug|Any CPU.ActiveCfg = Debug|Any CPU
		{04432910-3448-4B99-8063-6C25639CB61F}.Debug|Any CPU.Build.0 = Debug|Any CPU
		{04432910-3448-4B99-8063-6C25639CB61F}.Release|Any CPU.ActiveCfg = Release|Any CPU
		{04432910-3448-4B99-8063-6C25639CB61F}.Release|Any CPU.Build.0 = Release|Any CPU
		{70BF79BF-E57D-478C-8C99-1D210131A77F}.Debug|Any CPU.ActiveCfg = Debug|Any CPU
		{70BF79BF-E57D-478C-8C99-1D210131A77F}.Debug|Any CPU.Build.0 = Debug|Any CPU
		{70BF79BF-E57D-478C-8C99-1D210131A77F}.Release|Any CPU.ActiveCfg = Release|Any CPU
		{70BF79BF-E57D-478C-8C99-1D210131A77F}.Release|Any CPU.Build.0 = Release|Any CPU
		{1B20D2C1-D19C-4A1E-AB0C-3164B231BBB4}.Debug|Any CPU.ActiveCfg = Debug|Any CPU
		{1B20D2C1-D19C-4A1E-AB0C-3164B231BBB4}.Debug|Any CPU.Build.0 = Debug|Any CPU
		{1B20D2C1-D19C-4A1E-AB0C-3164B231BBB4}.Release|Any CPU.ActiveCfg = Release|Any CPU
		{1B20D2C1-D19C-4A1E-AB0C-3164B231BBB4}.Release|Any CPU.Build.0 = Release|Any CPU
		{B3375668-929C-496B-99BA-DD011B7C6FD2}.Debug|Any CPU.ActiveCfg = Debug|Any CPU
		{B3375668-929C-496B-99BA-DD011B7C6FD2}.Debug|Any CPU.Build.0 = Debug|Any CPU
		{B3375668-929C-496B-99BA-DD011B7C6FD2}.Release|Any CPU.ActiveCfg = Release|Any CPU
		{B3375668-929C-496B-99BA-DD011B7C6FD2}.Release|Any CPU.Build.0 = Release|Any CPU
		{8EAA6741-A9A9-462F-BE72-5B2F538AF8E8}.Debug|Any CPU.ActiveCfg = Debug|Any CPU
		{8EAA6741-A9A9-462F-BE72-5B2F538AF8E8}.Release|Any CPU.ActiveCfg = Release|Any CPU
		{E9D37FB0-E410-4667-8ABA-E9A81E7363D2}.Debug|Any CPU.ActiveCfg = Debug|Any CPU
		{E9D37FB0-E410-4667-8ABA-E9A81E7363D2}.Debug|Any CPU.Build.0 = Debug|Any CPU
		{E9D37FB0-E410-4667-8ABA-E9A81E7363D2}.Release|Any CPU.ActiveCfg = Release|Any CPU
		{E9D37FB0-E410-4667-8ABA-E9A81E7363D2}.Release|Any CPU.Build.0 = Release|Any CPU
		{EFF50A81-0722-4537-892D-F0522495BFD6}.Debug|Any CPU.ActiveCfg = Debug|Any CPU
		{EFF50A81-0722-4537-892D-F0522495BFD6}.Debug|Any CPU.Build.0 = Debug|Any CPU
		{EFF50A81-0722-4537-892D-F0522495BFD6}.Release|Any CPU.ActiveCfg = Release|Any CPU
		{EFF50A81-0722-4537-892D-F0522495BFD6}.Release|Any CPU.Build.0 = Release|Any CPU
		{A5FE2C5D-8A6F-4ACF-9F4F-03B7F8F7F94F}.Debug|Any CPU.ActiveCfg = Debug|Any CPU
		{A5FE2C5D-8A6F-4ACF-9F4F-03B7F8F7F94F}.Debug|Any CPU.Build.0 = Debug|Any CPU
		{A5FE2C5D-8A6F-4ACF-9F4F-03B7F8F7F94F}.Release|Any CPU.ActiveCfg = Release|Any CPU
		{A5FE2C5D-8A6F-4ACF-9F4F-03B7F8F7F94F}.Release|Any CPU.Build.0 = Release|Any CPU
		{4230C56A-B706-4070-832F-B9E1CADBFDBB}.Debug|Any CPU.ActiveCfg = Debug|Any CPU
		{4230C56A-B706-4070-832F-B9E1CADBFDBB}.Debug|Any CPU.Build.0 = Debug|Any CPU
		{4230C56A-B706-4070-832F-B9E1CADBFDBB}.Release|Any CPU.ActiveCfg = Release|Any CPU
		{4230C56A-B706-4070-832F-B9E1CADBFDBB}.Release|Any CPU.Build.0 = Release|Any CPU
		{13154283-D93B-496E-8B2D-456E23255FD0}.Debug|Any CPU.ActiveCfg = Debug|Any CPU
		{13154283-D93B-496E-8B2D-456E23255FD0}.Debug|Any CPU.Build.0 = Debug|Any CPU
		{13154283-D93B-496E-8B2D-456E23255FD0}.Release|Any CPU.ActiveCfg = Release|Any CPU
		{13154283-D93B-496E-8B2D-456E23255FD0}.Release|Any CPU.Build.0 = Release|Any CPU
	EndGlobalSection
	GlobalSection(SolutionProperties) = preSolution
		HideSolutionNode = FALSE
	EndGlobalSection
	GlobalSection(NestedProjects) = preSolution
		{D446ABE2-B64E-43B2-A270-A209C3CA54B1} = {1B6FFBEA-35BD-4381-A2BE-4FA54E3940E1}
		{C603A77C-CA79-4B27-8DB1-78C80003DE02} = {05829E0F-331A-44AF-BEB8-3AD54EE35694}
		{9F381F10-3F30-4490-A55D-5806EC94F6C4} = {05829E0F-331A-44AF-BEB8-3AD54EE35694}
		{DBA504F4-E4AE-4EFC-BB45-DA3F61ABA50A} = {05829E0F-331A-44AF-BEB8-3AD54EE35694}
		{1DE1FCFF-15B0-4D05-B072-02F94554F30A} = {05829E0F-331A-44AF-BEB8-3AD54EE35694}
		{73839A16-68E5-4FF5-B6F2-E4A084D105F7} = {1B6FFBEA-35BD-4381-A2BE-4FA54E3940E1}
		{4B9D5E04-114C-46C7-A513-9D1E0D6E93C4} = {1B6FFBEA-35BD-4381-A2BE-4FA54E3940E1}
		{741A0A5C-2A66-4964-B4C4-35CA2E4D7088} = {1B6FFBEA-35BD-4381-A2BE-4FA54E3940E1}
		{F9848F58-F3F6-4A70-B63B-F10FB19A5544} = {05829E0F-331A-44AF-BEB8-3AD54EE35694}
		{1C3D9E2B-3F5A-45F6-AB66-08CD8DFF6D50} = {1B6FFBEA-35BD-4381-A2BE-4FA54E3940E1}
		{7A244530-E379-4E20-A89F-2805AC2CEC71} = {1B6FFBEA-35BD-4381-A2BE-4FA54E3940E1}
		{790D22B8-D466-466A-B7D8-4E241963EFC8} = {05829E0F-331A-44AF-BEB8-3AD54EE35694}
		{379D5729-A6EA-47C6-9742-78D9FD26FE1D} = {05829E0F-331A-44AF-BEB8-3AD54EE35694}
		{B5F21741-0DE5-41E3-BB6B-BD7362D1691F} = {1B6FFBEA-35BD-4381-A2BE-4FA54E3940E1}
		{D225B53B-C97C-4915-A4F1-833C313183E5} = {05829E0F-331A-44AF-BEB8-3AD54EE35694}
		{E615F6ED-B701-44E8-9C90-E848D17ACE6A} = {1B6FFBEA-35BD-4381-A2BE-4FA54E3940E1}
		{0B06C389-BC7F-4E66-9C36-4B31AA4273C9} = {C603A77C-CA79-4B27-8DB1-78C80003DE02}
		{990CCCC6-F9A4-4269-B0BD-FFA150D2342A} = {9F381F10-3F30-4490-A55D-5806EC94F6C4}
		{882EB0C4-982B-4D77-B4A8-0E58049C77F7} = {D225B53B-C97C-4915-A4F1-833C313183E5}
		{1497B93E-2B93-47DD-BCCC-C7D77EBCD932} = {379D5729-A6EA-47C6-9742-78D9FD26FE1D}
		{456024D2-FDA1-443E-8C02-692B740E91F3} = {790D22B8-D466-466A-B7D8-4E241963EFC8}
		{0D6546DA-86E5-4164-92B0-50723C830B82} = {1DE1FCFF-15B0-4D05-B072-02F94554F30A}
		{44CB3E5F-354B-4046-A4AE-B56BDD3681AD} = {E615F6ED-B701-44E8-9C90-E848D17ACE6A}
		{2AAD31B6-3AB0-4772-9E60-3B21C6E5666F} = {D446ABE2-B64E-43B2-A270-A209C3CA54B1}
		{A4ED1519-D011-4AFB-A257-A18AE8DB40EA} = {EC07E32B-7A0D-4C4D-941D-43DAC3AE2601}
		{514751C5-E086-4A24-91B1-6A5A2F6C5502} = {1B6FFBEA-35BD-4381-A2BE-4FA54E3940E1}
		{211FA38D-E422-4EEA-BBBF-6C1AE5FE6437} = {514751C5-E086-4A24-91B1-6A5A2F6C5502}
		{0186995D-FE5F-4386-B440-D23BC76E5E20} = {DBA504F4-E4AE-4EFC-BB45-DA3F61ABA50A}
		{6C0B3988-35D2-4A2F-8DA8-C48C19537C12} = {C603A77C-CA79-4B27-8DB1-78C80003DE02}
		{59FCF243-F2D0-4ADA-9FAB-107EFAA61DD5} = {F9848F58-F3F6-4A70-B63B-F10FB19A5544}
		{16EEDF9E-8112-4055-BAEF-EC001E3BDF3A} = {9F381F10-3F30-4490-A55D-5806EC94F6C4}
		{42CF6E0E-BFD5-4207-BD7F-EC5C22701590} = {D225B53B-C97C-4915-A4F1-833C313183E5}
		{9EE761D9-6BD2-41BD-BE89-15E1DAB07540} = {379D5729-A6EA-47C6-9742-78D9FD26FE1D}
		{5E151EE0-5AE0-4B3E-BA05-945B9E0F61C4} = {790D22B8-D466-466A-B7D8-4E241963EFC8}
		{5CD30D98-0B87-4906-B7B5-B165B68C38EE} = {7A244530-E379-4E20-A89F-2805AC2CEC71}
		{BCA79AED-CF8B-438E-98A6-BF0ECB4A7020} = {741A0A5C-2A66-4964-B4C4-35CA2E4D7088}
		{04432910-3448-4B99-8063-6C25639CB61F} = {D446ABE2-B64E-43B2-A270-A209C3CA54B1}
		{70BF79BF-E57D-478C-8C99-1D210131A77F} = {1C3D9E2B-3F5A-45F6-AB66-08CD8DFF6D50}
		{1B20D2C1-D19C-4A1E-AB0C-3164B231BBB4} = {4B9D5E04-114C-46C7-A513-9D1E0D6E93C4}
		{B3375668-929C-496B-99BA-DD011B7C6FD2} = {EC07E32B-7A0D-4C4D-941D-43DAC3AE2601}
		{92AE9846-09A0-41A0-8406-E4AA37292DDC} = {05829E0F-331A-44AF-BEB8-3AD54EE35694}
		{8EAA6741-A9A9-462F-BE72-5B2F538AF8E8} = {92AE9846-09A0-41A0-8406-E4AA37292DDC}
		{E9D37FB0-E410-4667-8ABA-E9A81E7363D2} = {107AC074-9F47-47DE-821B-FCF91D2EB3CC}
		{107AC074-9F47-47DE-821B-FCF91D2EB3CC} = {1B6FFBEA-35BD-4381-A2BE-4FA54E3940E1}
		{054C0EDB-3E7C-4CF6-8B85-7D6F55397147} = {05829E0F-331A-44AF-BEB8-3AD54EE35694}
		{EFF50A81-0722-4537-892D-F0522495BFD6} = {054C0EDB-3E7C-4CF6-8B85-7D6F55397147}
		{F11F18D0-C25F-4130-8320-DDE62AA33EDB} = {1B6FFBEA-35BD-4381-A2BE-4FA54E3940E1}
		{A5FE2C5D-8A6F-4ACF-9F4F-03B7F8F7F94F} = {F11F18D0-C25F-4130-8320-DDE62AA33EDB}
		{28FE62EE-EC31-4D80-83B3-ECE2EC62856E} = {05829E0F-331A-44AF-BEB8-3AD54EE35694}
		{4230C56A-B706-4070-832F-B9E1CADBFDBB} = {28FE62EE-EC31-4D80-83B3-ECE2EC62856E}
		{13154283-D93B-496E-8B2D-456E23255FD0} = {B5F21741-0DE5-41E3-BB6B-BD7362D1691F}
	EndGlobalSection
	GlobalSection(ExtensibilityGlobals) = postSolution
		SolutionGuid = {092E4BB9-63E2-476F-91D9-389412140FC4}
	EndGlobalSection
EndGlobal
