
Microsoft Visual Studio Solution File, Format Version 12.00
# Visual Studio 15
VisualStudioVersion = 15.0.27004.2009
MinimumVisualStudioVersion = 10.0.40219.1
Project("{2150E333-8FDC-42A3-9474-1A3956D46DE8}") = "src", "src", "{389FC06B-F543-41B8-9874-726DA9878DDC}"
EndProject
Project("{2150E333-8FDC-42A3-9474-1A3956D46DE8}") = "Solution Items", "Solution Items", "{3A330984-9652-4DA1-99D3-B55E6DEAC6AA}"
	ProjectSection(SolutionItems) = preProject
		src\WebDeployUpdates\CECloud.parameters.xml = src\WebDeployUpdates\CECloud.parameters.xml
		nuget.config = nuget.config
	EndProjectSection
EndProject
Project("{9A19103F-16F7-4668-BE54-9A1E7A4F7556}") = "Plugin.Sample.AdventureWorks", "src\Plugin.Sample.AdventureWorks\Plugin.Sample.AdventureWorks.csproj", "{45E1A5F7-861D-4929-A4C4-E3FD9D898F23}"
EndProject
Project("{9A19103F-16F7-4668-BE54-9A1E7A4F7556}") = "Plugin.Sample.Customers.CsMigration", "src\Plugin.Sample.Customers.CsMigration\Plugin.Sample.Customers.CsMigration.csproj", "{5A9BB51C-F817-4DC4-9786-9D8822C3286C}"
EndProject
Project("{9A19103F-16F7-4668-BE54-9A1E7A4F7556}") = "Plugin.Sample.Payments.Braintree", "src\Plugin.Sample.Payments.Braintree\Plugin.Sample.Payments.Braintree.csproj", "{0296F347-F76D-4A81-9FB1-AE9CA0F0C064}"
EndProject
Project("{9A19103F-16F7-4668-BE54-9A1E7A4F7556}") = "Plugin.Sample.Habitat", "src\Plugin.Sample.Habitat\Plugin.Sample.Habitat.csproj", "{72203E4B-DA74-405C-9D33-193B38A0AA33}"
EndProject
Project("{9A19103F-16F7-4668-BE54-9A1E7A4F7556}") = "Sitecore.Commerce.Engine", "src\Sitecore.Commerce.Engine\Sitecore.Commerce.Engine.csproj", "{3E68F9A9-396C-487C-BEB9-C24E47721E2F}"
EndProject
Project("{2150E333-8FDC-42A3-9474-1A3956D46DE8}") = "CECloud_SCCPL", "CECloud_SCCPL", "{0946C395-5DF9-48DA-BB53-DC5CA2A4BEFE}"
EndProject
Project("{2150E333-8FDC-42A3-9474-1A3956D46DE8}") = "CopyToRoot", "CopyToRoot", "{541693FF-FDF0-4257-8EF4-814D8B2C3E21}"
	ProjectSection(SolutionItems) = preProject
		src\WebDeployUpdates\CECloud_SCCPL\CopyToRoot\CreateUser.Global.sql = src\WebDeployUpdates\CECloud_SCCPL\CopyToRoot\CreateUser.Global.sql
		src\WebDeployUpdates\CECloud_SCCPL\CopyToRoot\CreateUser.Shared.sql = src\WebDeployUpdates\CECloud_SCCPL\CopyToRoot\CreateUser.Shared.sql
	EndProjectSection
EndProject
Project("{9A19103F-16F7-4668-BE54-9A1E7A4F7556}") = "Plugin.Sample.Upgrade", "src\Plugin.Sample.Upgrade\Plugin.Sample.Upgrade.csproj", "{52CA6AC5-F42E-47B5-8409-CBC9D2C9D68A}"
EndProject
Project("{FAE04EC0-301F-11D3-BF4B-00C04F79EFBC}") = "Plugin.Demo.Payments.Moneybags", "src\Plugin.Demo.Payments.Moneybags\Plugin.Demo.Payments.Moneybags.csproj", "{1EFD138A-177D-4D8B-B4D2-8EBA5C98F1F6}"
EndProject
Global
	GlobalSection(SolutionConfigurationPlatforms) = preSolution
		Debug|Any CPU = Debug|Any CPU
		Release|Any CPU = Release|Any CPU
	EndGlobalSection
	GlobalSection(ProjectConfigurationPlatforms) = postSolution
		{45E1A5F7-861D-4929-A4C4-E3FD9D898F23}.Debug|Any CPU.ActiveCfg = Debug|Any CPU
		{45E1A5F7-861D-4929-A4C4-E3FD9D898F23}.Debug|Any CPU.Build.0 = Debug|Any CPU
		{45E1A5F7-861D-4929-A4C4-E3FD9D898F23}.Release|Any CPU.ActiveCfg = Release|Any CPU
		{45E1A5F7-861D-4929-A4C4-E3FD9D898F23}.Release|Any CPU.Build.0 = Release|Any CPU
		{5A9BB51C-F817-4DC4-9786-9D8822C3286C}.Debug|Any CPU.ActiveCfg = Debug|Any CPU
		{5A9BB51C-F817-4DC4-9786-9D8822C3286C}.Debug|Any CPU.Build.0 = Debug|Any CPU
		{5A9BB51C-F817-4DC4-9786-9D8822C3286C}.Release|Any CPU.ActiveCfg = Release|Any CPU
		{5A9BB51C-F817-4DC4-9786-9D8822C3286C}.Release|Any CPU.Build.0 = Release|Any CPU
		{0296F347-F76D-4A81-9FB1-AE9CA0F0C064}.Debug|Any CPU.ActiveCfg = Debug|Any CPU
		{0296F347-F76D-4A81-9FB1-AE9CA0F0C064}.Debug|Any CPU.Build.0 = Debug|Any CPU
		{0296F347-F76D-4A81-9FB1-AE9CA0F0C064}.Release|Any CPU.ActiveCfg = Release|Any CPU
		{0296F347-F76D-4A81-9FB1-AE9CA0F0C064}.Release|Any CPU.Build.0 = Release|Any CPU
		{72203E4B-DA74-405C-9D33-193B38A0AA33}.Debug|Any CPU.ActiveCfg = Debug|Any CPU
		{72203E4B-DA74-405C-9D33-193B38A0AA33}.Debug|Any CPU.Build.0 = Debug|Any CPU
		{72203E4B-DA74-405C-9D33-193B38A0AA33}.Release|Any CPU.ActiveCfg = Release|Any CPU
		{72203E4B-DA74-405C-9D33-193B38A0AA33}.Release|Any CPU.Build.0 = Release|Any CPU
		{3E68F9A9-396C-487C-BEB9-C24E47721E2F}.Debug|Any CPU.ActiveCfg = Debug|Any CPU
		{3E68F9A9-396C-487C-BEB9-C24E47721E2F}.Debug|Any CPU.Build.0 = Debug|Any CPU
		{3E68F9A9-396C-487C-BEB9-C24E47721E2F}.Release|Any CPU.ActiveCfg = Release|Any CPU
		{52CA6AC5-F42E-47B5-8409-CBC9D2C9D68A}.Debug|Any CPU.ActiveCfg = Debug|Any CPU
		{52CA6AC5-F42E-47B5-8409-CBC9D2C9D68A}.Debug|Any CPU.Build.0 = Debug|Any CPU
		{52CA6AC5-F42E-47B5-8409-CBC9D2C9D68A}.Release|Any CPU.ActiveCfg = Release|Any CPU
		{52CA6AC5-F42E-47B5-8409-CBC9D2C9D68A}.Release|Any CPU.Build.0 = Release|Any CPU
		{1EFD138A-177D-4D8B-B4D2-8EBA5C98F1F6}.Debug|Any CPU.ActiveCfg = Debug|Any CPU
		{1EFD138A-177D-4D8B-B4D2-8EBA5C98F1F6}.Debug|Any CPU.Build.0 = Debug|Any CPU
		{1EFD138A-177D-4D8B-B4D2-8EBA5C98F1F6}.Release|Any CPU.ActiveCfg = Release|Any CPU
		{1EFD138A-177D-4D8B-B4D2-8EBA5C98F1F6}.Release|Any CPU.Build.0 = Release|Any CPU
	EndGlobalSection
	GlobalSection(SolutionProperties) = preSolution
		HideSolutionNode = FALSE
	EndGlobalSection
	GlobalSection(NestedProjects) = preSolution
		{45E1A5F7-861D-4929-A4C4-E3FD9D898F23} = {389FC06B-F543-41B8-9874-726DA9878DDC}
		{5A9BB51C-F817-4DC4-9786-9D8822C3286C} = {389FC06B-F543-41B8-9874-726DA9878DDC}
		{0296F347-F76D-4A81-9FB1-AE9CA0F0C064} = {389FC06B-F543-41B8-9874-726DA9878DDC}
		{72203E4B-DA74-405C-9D33-193B38A0AA33} = {389FC06B-F543-41B8-9874-726DA9878DDC}
		{3E68F9A9-396C-487C-BEB9-C24E47721E2F} = {389FC06B-F543-41B8-9874-726DA9878DDC}
		{0946C395-5DF9-48DA-BB53-DC5CA2A4BEFE} = {3A330984-9652-4DA1-99D3-B55E6DEAC6AA}
		{541693FF-FDF0-4257-8EF4-814D8B2C3E21} = {0946C395-5DF9-48DA-BB53-DC5CA2A4BEFE}
		{52CA6AC5-F42E-47B5-8409-CBC9D2C9D68A} = {389FC06B-F543-41B8-9874-726DA9878DDC}
		{1EFD138A-177D-4D8B-B4D2-8EBA5C98F1F6} = {389FC06B-F543-41B8-9874-726DA9878DDC}
	EndGlobalSection
	GlobalSection(ExtensibilityGlobals) = postSolution
		SolutionGuid = {32813392-1C11-4D75-BF11-1ECBEF674669}
	EndGlobalSection
EndGlobal
